// !$*UTF8*$!
{
	archiveVersion = 1;
	classes = {
	};
	objectVersion = 50;
	objects = {

/* Begin PBXBuildFile section */
		F022E434249E3AC900BFE089 /* Assets.xcassets in Resources */ = {isa = PBXBuildFile; fileRef = F022E433249E3AC900BFE089 /* Assets.xcassets */; };
		F022E43B249E3AC900BFE089 /* MyAppName MessagesExtension.appex in Embed App Extensions */ = {isa = PBXBuildFile; fileRef = F022E43A249E3AC900BFE089 /* MyAppName MessagesExtension.appex */; settings = {ATTRIBUTES = (RemoveHeadersOnCopy, ); }; };
		F022E440249E3AC900BFE089 /* Messages.framework in Frameworks */ = {isa = PBXBuildFile; fileRef = F022E43F249E3AC900BFE089 /* Messages.framework */; };
		F022E443249E3AC900BFE089 /* MessagesViewController.swift in Sources */ = {isa = PBXBuildFile; fileRef = F022E442249E3AC900BFE089 /* MessagesViewController.swift */; };
		F022E446249E3AC900BFE089 /* MainInterface.storyboard in Resources */ = {isa = PBXBuildFile; fileRef = F022E444249E3AC900BFE089 /* MainInterface.storyboard */; };
		F022E448249E3ACA00BFE089 /* Assets.xcassets in Resources */ = {isa = PBXBuildFile; fileRef = F022E447249E3ACA00BFE089 /* Assets.xcassets */; };
/* End PBXBuildFile section */

/* Begin PBXContainerItemProxy section */
		F022E43C249E3AC900BFE089 /* PBXContainerItemProxy */ = {
			isa = PBXContainerItemProxy;
			containerPortal = F022E42A249E3AC600BFE089 /* Project object */;
			proxyType = 1;
			remoteGlobalIDString = F022E439249E3AC900BFE089;
			remoteInfo = "MyAppName MessagesExtension";
		};
/* End PBXContainerItemProxy section */

/* Begin PBXCopyFilesBuildPhase section */
		F022E44F249E3ACA00BFE089 /* Embed App Extensions */ = {
			isa = PBXCopyFilesBuildPhase;
			buildActionMask = 2147483647;
			dstPath = "";
			dstSubfolderSpec = 13;
			files = (
				F022E43B249E3AC900BFE089 /* MyAppName MessagesExtension.appex in Embed App Extensions */,
			);
			name = "Embed App Extensions";
			runOnlyForDeploymentPostprocessing = 0;
		};
/* End PBXCopyFilesBuildPhase section */

/* Begin PBXFileReference section */
		F022E430249E3AC600BFE089 /* MyAppName.app */ = {isa = PBXFileReference; explicitFileType = wrapper.application; includeInIndex = 0; path = MyAppName.app; sourceTree = BUILT_PRODUCTS_DIR; };
		F022E433249E3AC900BFE089 /* Assets.xcassets */ = {isa = PBXFileReference; lastKnownFileType = folder.assetcatalog; path = Assets.xcassets; sourceTree = "<group>"; };
		F022E435249E3AC900BFE089 /* Info.plist */ = {isa = PBXFileReference; lastKnownFileType = text.plist.xml; path = Info.plist; sourceTree = "<group>"; };
		F022E43A249E3AC900BFE089 /* MyAppName MessagesExtension.appex */ = {isa = PBXFileReference; explicitFileType = "wrapper.app-extension"; includeInIndex = 0; path = "MyAppName MessagesExtension.appex"; sourceTree = BUILT_PRODUCTS_DIR; };
		F022E43F249E3AC900BFE089 /* Messages.framework */ = {isa = PBXFileReference; lastKnownFileType = wrapper.framework; name = Messages.framework; path = System/Library/Frameworks/Messages.framework; sourceTree = SDKROOT; };
		F022E442249E3AC900BFE089 /* MessagesViewController.swift */ = {isa = PBXFileReference; lastKnownFileType = sourcecode.swift; path = MessagesViewController.swift; sourceTree = "<group>"; };
		F022E445249E3AC900BFE089 /* Base */ = {isa = PBXFileReference; lastKnownFileType = file.storyboard; name = Base; path = Base.lproj/MainInterface.storyboard; sourceTree = "<group>"; };
		F022E447249E3ACA00BFE089 /* Assets.xcassets */ = {isa = PBXFileReference; lastKnownFileType = folder.assetcatalog; path = Assets.xcassets; sourceTree = "<group>"; };
		F022E449249E3ACA00BFE089 /* Info.plist */ = {isa = PBXFileReference; lastKnownFileType = text.plist.xml; path = Info.plist; sourceTree = "<group>"; };
/* End PBXFileReference section */

/* Begin PBXFrameworksBuildPhase section */
		F022E437249E3AC900BFE089 /* Frameworks */ = {
			isa = PBXFrameworksBuildPhase;
			buildActionMask = 2147483647;
			files = (
				F022E440249E3AC900BFE089 /* Messages.framework in Frameworks */,
			);
			runOnlyForDeploymentPostprocessing = 0;
		};
/* End PBXFrameworksBuildPhase section */

/* Begin PBXGroup section */
		F022E429249E3AC600BFE089 = {
			isa = PBXGroup;
			children = (
				F022E432249E3AC600BFE089 /* MyAppName */,
				F022E441249E3AC900BFE089 /* MyAppName MessagesExtension */,
				F022E43E249E3AC900BFE089 /* Frameworks */,
				F022E431249E3AC600BFE089 /* Products */,
			);
			sourceTree = "<group>";
		};
		F022E431249E3AC600BFE089 /* Products */ = {
			isa = PBXGroup;
			children = (
				F022E430249E3AC600BFE089 /* MyAppName.app */,
				F022E43A249E3AC900BFE089 /* MyAppName MessagesExtension.appex */,
			);
			name = Products;
			sourceTree = "<group>";
		};
		F022E432249E3AC600BFE089 /* MyAppName */ = {
			isa = PBXGroup;
			children = (
				F022E433249E3AC900BFE089 /* Assets.xcassets */,
				F022E435249E3AC900BFE089 /* Info.plist */,
			);
			path = MyAppName;
			sourceTree = "<group>";
		};
		F022E43E249E3AC900BFE089 /* Frameworks */ = {
			isa = PBXGroup;
			children = (
				F022E43F249E3AC900BFE089 /* Messages.framework */,
			);
			name = Frameworks;
			sourceTree = "<group>";
		};
		F022E441249E3AC900BFE089 /* MyAppName MessagesExtension */ = {
			isa = PBXGroup;
			children = (
				F022E442249E3AC900BFE089 /* MessagesViewController.swift */,
				F022E444249E3AC900BFE089 /* MainInterface.storyboard */,
				F022E447249E3ACA00BFE089 /* Assets.xcassets */,
				F022E449249E3ACA00BFE089 /* Info.plist */,
			);
			path = "MyAppName MessagesExtension";
			sourceTree = "<group>";
		};
/* End PBXGroup section */

/* Begin PBXNativeTarget section */
		F022E42F249E3AC600BFE089 /* MyAppName */ = {
			isa = PBXNativeTarget;
			buildConfigurationList = F022E450249E3ACA00BFE089 /* Build configuration list for PBXNativeTarget "MyAppName" */;
			buildPhases = (
				F022E42E249E3AC600BFE089 /* Resources */,
				F022E44F249E3ACA00BFE089 /* Embed App Extensions */,
			);
			buildRules = (
			);
			dependencies = (
				F022E43D249E3AC900BFE089 /* PBXTargetDependency */,
			);
			name = MyAppName;
			productName = MyAppName;
			productReference = F022E430249E3AC600BFE089 /* MyAppName.app */;
			productType = "com.apple.product-type.application.messages";
		};
		F022E439249E3AC900BFE089 /* MyAppName MessagesExtension */ = {
			isa = PBXNativeTarget;
			buildConfigurationList = F022E44C249E3ACA00BFE089 /* Build configuration list for PBXNativeTarget "MyAppName MessagesExtension" */;
			buildPhases = (
				F022E436249E3AC900BFE089 /* Sources */,
				F022E437249E3AC900BFE089 /* Frameworks */,
				F022E438249E3AC900BFE089 /* Resources */,
			);
			buildRules = (
			);
			dependencies = (
			);
			name = "MyAppName MessagesExtension";
			productName = "MyAppName MessagesExtension";
			productReference = F022E43A249E3AC900BFE089 /* MyAppName MessagesExtension.appex */;
			productType = "com.apple.product-type.app-extension.messages";
		};
/* End PBXNativeTarget section */

/* Begin PBXProject section */
		F022E42A249E3AC600BFE089 /* Project object */ = {
			isa = PBXProject;
			attributes = {
				LastSwiftUpdateCheck = 1150;
				LastUpgradeCheck = 1150;
				ORGANIZATIONNAME = "Алексей Пархоменко";
				TargetAttributes = {
					F022E42F249E3AC600BFE089 = {
						CreatedOnToolsVersion = 11.5;
					};
					F022E439249E3AC900BFE089 = {
						CreatedOnToolsVersion = 11.5;
					};
				};
			};
			buildConfigurationList = F022E42D249E3AC600BFE089 /* Build configuration list for PBXProject "MyAppName" */;
			compatibilityVersion = "Xcode 9.3";
			developmentRegion = en;
			hasScannedForEncodings = 0;
			knownRegions = (
				en,
				Base,
			);
			mainGroup = F022E429249E3AC600BFE089;
			productRefGroup = F022E431249E3AC600BFE089 /* Products */;
			projectDirPath = "";
			projectRoot = "";
			targets = (
				F022E42F249E3AC600BFE089 /* MyAppName */,
				F022E439249E3AC900BFE089 /* MyAppName MessagesExtension */,
			);
		};
/* End PBXProject section */

/* Begin PBXResourcesBuildPhase section */
		F022E42E249E3AC600BFE089 /* Resources */ = {
			isa = PBXResourcesBuildPhase;
			buildActionMask = 2147483647;
			files = (
				F022E434249E3AC900BFE089 /* Assets.xcassets in Resources */,
			);
			runOnlyForDeploymentPostprocessing = 0;
		};
		F022E438249E3AC900BFE089 /* Resources */ = {
			isa = PBXResourcesBuildPhase;
			buildActionMask = 2147483647;
			files = (
				F022E448249E3ACA00BFE089 /* Assets.xcassets in Resources */,
				F022E446249E3AC900BFE089 /* MainInterface.storyboard in Resources */,
			);
			runOnlyForDeploymentPostprocessing = 0;
		};
/* End PBXResourcesBuildPhase section */

/* Begin PBXSourcesBuildPhase section */
		F022E436249E3AC900BFE089 /* Sources */ = {
			isa = PBXSourcesBuildPhase;
			buildActionMask = 2147483647;
			files = (
				F022E443249E3AC900BFE089 /* MessagesViewController.swift in Sources */,
			);
			runOnlyForDeploymentPostprocessing = 0;
		};
/* End PBXSourcesBuildPhase section */

/* Begin PBXTargetDependency section */
		F022E43D249E3AC900BFE089 /* PBXTargetDependency */ = {
			isa = PBXTargetDependency;
			target = F022E439249E3AC900BFE089 /* MyAppName MessagesExtension */;
			targetProxy = F022E43C249E3AC900BFE089 /* PBXContainerItemProxy */;
		};
/* End PBXTargetDependency section */

/* Begin PBXVariantGroup section */
		F022E444249E3AC900BFE089 /* MainInterface.storyboard */ = {
			isa = PBXVariantGroup;
			children = (
				F022E445249E3AC900BFE089 /* Base */,
			);
			name = MainInterface.storyboard;
			sourceTree = "<group>";
		};
/* End PBXVariantGroup section */

/* Begin XCBuildConfiguration section */
		F022E44A249E3ACA00BFE089 /* Debug */ = {
			isa = XCBuildConfiguration;
			buildSettings = {
				ALWAYS_SEARCH_USER_PATHS = NO;
				CLANG_ANALYZER_NONNULL = YES;
				CLANG_ANALYZER_NUMBER_OBJECT_CONVERSION = YES_AGGRESSIVE;
				CLANG_CXX_LANGUAGE_STANDARD = "gnu++14";
				CLANG_CXX_LIBRARY = "libc++";
				CLANG_ENABLE_MODULES = YES;
				CLANG_ENABLE_OBJC_ARC = YES;
				CLANG_ENABLE_OBJC_WEAK = YES;
				CLANG_WARN_BLOCK_CAPTURE_AUTORELEASING = YES;
				CLANG_WARN_BOOL_CONVERSION = YES;
				CLANG_WARN_COMMA = YES;
				CLANG_WARN_CONSTANT_CONVERSION = YES;
				CLANG_WARN_DEPRECATED_OBJC_IMPLEMENTATIONS = YES;
				CLANG_WARN_DIRECT_OBJC_ISA_USAGE = YES_ERROR;
				CLANG_WARN_DOCUMENTATION_COMMENTS = YES;
				CLANG_WARN_EMPTY_BODY = YES;
				CLANG_WARN_ENUM_CONVERSION = YES;
				CLANG_WARN_INFINITE_RECURSION = YES;
				CLANG_WARN_INT_CONVERSION = YES;
				CLANG_WARN_NON_LITERAL_NULL_CONVERSION = YES;
				CLANG_WARN_OBJC_IMPLICIT_RETAIN_SELF = YES;
				CLANG_WARN_OBJC_LITERAL_CONVERSION = YES;
				CLANG_WARN_OBJC_ROOT_CLASS = YES_ERROR;
				CLANG_WARN_RANGE_LOOP_ANALYSIS = YES;
				CLANG_WARN_STRICT_PROTOTYPES = YES;
				CLANG_WARN_SUSPICIOUS_MOVE = YES;
				CLANG_WARN_UNGUARDED_AVAILABILITY = YES_AGGRESSIVE;
				CLANG_WARN_UNREACHABLE_CODE = YES;
				CLANG_WARN__DUPLICATE_METHOD_MATCH = YES;
				COPY_PHASE_STRIP = NO;
				DEBUG_INFORMATION_FORMAT = dwarf;
				ENABLE_STRICT_OBJC_MSGSEND = YES;
				ENABLE_TESTABILITY = YES;
				GCC_C_LANGUAGE_STANDARD = gnu11;
				GCC_DYNAMIC_NO_PIC = NO;
				GCC_NO_COMMON_BLOCKS = YES;
				GCC_OPTIMIZATION_LEVEL = 0;
				GCC_PREPROCESSOR_DEFINITIONS = (
					"DEBUG=1",
					"$(inherited)",
				);
				GCC_WARN_64_TO_32_BIT_CONVERSION = YES;
				GCC_WARN_ABOUT_RETURN_TYPE = YES_ERROR;
				GCC_WARN_UNDECLARED_SELECTOR = YES;
				GCC_WARN_UNINITIALIZED_AUTOS = YES_AGGRESSIVE;
				GCC_WARN_UNUSED_FUNCTION = YES;
				GCC_WARN_UNUSED_VARIABLE = YES;
				IPHONEOS_DEPLOYMENT_TARGET = 13.5;
				MTL_ENABLE_DEBUG_INFO = INCLUDE_SOURCE;
				MTL_FAST_MATH = YES;
				ONLY_ACTIVE_ARCH = YES;
				SDKROOT = iphoneos;
				SWIFT_ACTIVE_COMPILATION_CONDITIONS = DEBUG;
				SWIFT_OPTIMIZATION_LEVEL = "-Onone";
			};
			name = Debug;
		};
		F022E44B249E3ACA00BFE089 /* Release */ = {
			isa = XCBuildConfiguration;
			buildSettings = {
				ALWAYS_SEARCH_USER_PATHS = NO;
				CLANG_ANALYZER_NONNULL = YES;
				CLANG_ANALYZER_NUMBER_OBJECT_CONVERSION = YES_AGGRESSIVE;
				CLANG_CXX_LANGUAGE_STANDARD = "gnu++14";
				CLANG_CXX_LIBRARY = "libc++";
				CLANG_ENABLE_MODULES = YES;
				CLANG_ENABLE_OBJC_ARC = YES;
				CLANG_ENABLE_OBJC_WEAK = YES;
				CLANG_WARN_BLOCK_CAPTURE_AUTORELEASING = YES;
				CLANG_WARN_BOOL_CONVERSION = YES;
				CLANG_WARN_COMMA = YES;
				CLANG_WARN_CONSTANT_CONVERSION = YES;
				CLANG_WARN_DEPRECATED_OBJC_IMPLEMENTATIONS = YES;
				CLANG_WARN_DIRECT_OBJC_ISA_USAGE = YES_ERROR;
				CLANG_WARN_DOCUMENTATION_COMMENTS = YES;
				CLANG_WARN_EMPTY_BODY = YES;
				CLANG_WARN_ENUM_CONVERSION = YES;
				CLANG_WARN_INFINITE_RECURSION = YES;
				CLANG_WARN_INT_CONVERSION = YES;
				CLANG_WARN_NON_LITERAL_NULL_CONVERSION = YES;
				CLANG_WARN_OBJC_IMPLICIT_RETAIN_SELF = YES;
				CLANG_WARN_OBJC_LITERAL_CONVERSION = YES;
				CLANG_WARN_OBJC_ROOT_CLASS = YES_ERROR;
				CLANG_WARN_RANGE_LOOP_ANALYSIS = YES;
				CLANG_WARN_STRICT_PROTOTYPES = YES;
				CLANG_WARN_SUSPICIOUS_MOVE = YES;
				CLANG_WARN_UNGUARDED_AVAILABILITY = YES_AGGRESSIVE;
				CLANG_WARN_UNREACHABLE_CODE = YES;
				CLANG_WARN__DUPLICATE_METHOD_MATCH = YES;
				COPY_PHASE_STRIP = NO;
				DEBUG_INFORMATION_FORMAT = "dwarf-with-dsym";
				ENABLE_NS_ASSERTIONS = NO;
				ENABLE_STRICT_OBJC_MSGSEND = YES;
				GCC_C_LANGUAGE_STANDARD = gnu11;
				GCC_NO_COMMON_BLOCKS = YES;
				GCC_WARN_64_TO_32_BIT_CONVERSION = YES;
				GCC_WARN_ABOUT_RETURN_TYPE = YES_ERROR;
				GCC_WARN_UNDECLARED_SELECTOR = YES;
				GCC_WARN_UNINITIALIZED_AUTOS = YES_AGGRESSIVE;
				GCC_WARN_UNUSED_FUNCTION = YES;
				GCC_WARN_UNUSED_VARIABLE = YES;
				IPHONEOS_DEPLOYMENT_TARGET = 13.5;
				MTL_ENABLE_DEBUG_INFO = NO;
				MTL_FAST_MATH = YES;
				SDKROOT = iphoneos;
				SWIFT_COMPILATION_MODE = wholemodule;
				SWIFT_OPTIMIZATION_LEVEL = "-O";
				VALIDATE_PRODUCT = YES;
			};
			name = Release;
		};
		F022E44D249E3ACA00BFE089 /* Debug */ = {
			isa = XCBuildConfiguration;
			buildSettings = {
				ASSETCATALOG_COMPILER_APPICON_NAME = "iMessage App Icon";
				CODE_SIGN_STYLE = Automatic;
				DEVELOPMENT_TEAM = TSZQ4D456H;
				INFOPLIST_FILE = "MyAppName MessagesExtension/Info.plist";
				IPHONEOS_DEPLOYMENT_TARGET = 13.0;
				LD_RUNPATH_SEARCH_PATHS = (
					"$(inherited)",
					"@executable_path/Frameworks",
					"@executable_path/../../Frameworks",
				);
				PRODUCT_BUNDLE_IDENTIFIER = com.alexeyParkhomenko.MyAppName.MessagesExtension;
				PRODUCT_NAME = "$(TARGET_NAME)";
				SKIP_INSTALL = YES;
				SWIFT_VERSION = 5.0;
				TARGETED_DEVICE_FAMILY = "1,2";
			};
			name = Debug;
		};
		F022E44E249E3ACA00BFE089 /* Release */ = {
			isa = XCBuildConfiguration;
			buildSettings = {
				ASSETCATALOG_COMPILER_APPICON_NAME = "iMessage App Icon";
				CODE_SIGN_STYLE = Automatic;
				DEVELOPMENT_TEAM = TSZQ4D456H;
				INFOPLIST_FILE = "MyAppName MessagesExtension/Info.plist";
				IPHONEOS_DEPLOYMENT_TARGET = 13.0;
				LD_RUNPATH_SEARCH_PATHS = (
					"$(inherited)",
					"@executable_path/Frameworks",
					"@executable_path/../../Frameworks",
				);
				PRODUCT_BUNDLE_IDENTIFIER = com.alexeyParkhomenko.MyAppName.MessagesExtension;
				PRODUCT_NAME = "$(TARGET_NAME)";
				SKIP_INSTALL = YES;
				SWIFT_VERSION = 5.0;
				TARGETED_DEVICE_FAMILY = "1,2";
			};
			name = Release;
		};
		F022E451249E3ACA00BFE089 /* Debug */ = {
			isa = XCBuildConfiguration;
			buildSettings = {
				ALWAYS_EMBED_SWIFT_STANDARD_LIBRARIES = YES;
				ASSETCATALOG_COMPILER_APPICON_NAME = AppIcon;
				CODE_SIGN_STYLE = Automatic;
				DEVELOPMENT_TEAM = TSZQ4D456H;
				INFOPLIST_FILE = MyAppName/Info.plist;
				IPHONEOS_DEPLOYMENT_TARGET = 13.0;
				PRODUCT_BUNDLE_IDENTIFIER = com.alexeyParkhomenko.MyAppName;
				PRODUCT_NAME = "$(TARGET_NAME)";
				SWIFT_VERSION = 5.0;
				TARGETED_DEVICE_FAMILY = "1,2";
			};
			name = Debug;
		};
		F022E452249E3ACA00BFE089 /* Release */ = {
			isa = XCBuildConfiguration;
			buildSettings = {
				ALWAYS_EMBED_SWIFT_STANDARD_LIBRARIES = YES;
				ASSETCATALOG_COMPILER_APPICON_NAME = AppIcon;
				CODE_SIGN_STYLE = Automatic;
				DEVELOPMENT_TEAM = TSZQ4D456H;
				INFOPLIST_FILE = MyAppName/Info.plist;
				IPHONEOS_DEPLOYMENT_TARGET = 13.0;
				PRODUCT_BUNDLE_IDENTIFIER = com.alexeyParkhomenko.MyAppName;
				PRODUCT_NAME = "$(TARGET_NAME)";
				SWIFT_VERSION = 5.0;
				TARGETED_DEVICE_FAMILY = "1,2";
			};
			name = Release;
		};
/* End XCBuildConfiguration section */

/* Begin XCConfigurationList section */
		F022E42D249E3AC600BFE089 /* Build configuration list for PBXProject "MyAppName" */ = {
			isa = XCConfigurationList;
			buildConfigurations = (
				F022E44A249E3ACA00BFE089 /* Debug */,
				F022E44B249E3ACA00BFE089 /* Release */,
			);
			defaultConfigurationIsVisible = 0;
			defaultConfigurationName = Release;
		};
		F022E44C249E3ACA00BFE089 /* Build configuration list for PBXNativeTarget "MyAppName MessagesExtension" */ = {
			isa = XCConfigurationList;
			buildConfigurations = (
				F022E44D249E3ACA00BFE089 /* Debug */,
				F022E44E249E3ACA00BFE089 /* Release */,
			);
			defaultConfigurationIsVisible = 0;
			defaultConfigurationName = Release;
		};
		F022E450249E3ACA00BFE089 /* Build configuration list for PBXNativeTarget "MyAppName" */ = {
			isa = XCConfigurationList;
			buildConfigurations = (
				F022E451249E3ACA00BFE089 /* Debug */,
				F022E452249E3ACA00BFE089 /* Release */,
			);
			defaultConfigurationIsVisible = 0;
			defaultConfigurationName = Release;
		};
/* End XCConfigurationList section */
	};
	rootObject = F022E42A249E3AC600BFE089 /* Project object */;
}
